
Microsoft Visual Studio Solution File, Format Version 12.00
# Visual Studio Version 17
VisualStudioVersion = 17.0.31903.59
MinimumVisualStudioVersion = 10.0.40219.1
Project("{2150E333-8FDC-42A3-9474-1A3956D46DE8}") = "src", "src", "{827E0CD3-B72D-47B6-A68D-7590B98EB39B}"
EndProject
Project("{FAE04EC0-301F-11D3-BF4B-00C04F79EFBC}") = "GestMantIA.Core", "src\GestMantIA.Core\GestMantIA.Core.csproj", "{E5B29960-368B-4FC1-9AA2-1C990F3A6346}"
EndProject
Project("{FAE04EC0-301F-11D3-BF4B-00C04F79EFBC}") = "GestMantIA.Infrastructure", "src\GestMantIA.Infrastructure\GestMantIA.Infrastructure.csproj", "{17D1B4F8-F096-43F0-A03F-5887567B5EAC}"
EndProject
Project("{FAE04EC0-301F-11D3-BF4B-00C04F79EFBC}") = "GestMantIA.API", "src\GestMantIA.API\GestMantIA.API.csproj", "{DEEE60C6-F936-4E77-9061-A61660451058}"
EndProject
Project("{FAE04EC0-301F-11D3-BF4B-00C04F79EFBC}") = "GestMantIA.Web", "src\GestMantIA.Web\GestMantIA.Web.csproj", "{1319BEAF-E941-42C2-8DDE-9DBC69D21EA4}"
EndProject
Project("{FAE04EC0-301F-11D3-BF4B-00C04F79EFBC}") = "GestMantIA.UnitTests", "tests\GestMantIA.UnitTests\GestMantIA.UnitTests.csproj", "{DE9095DE-2D83-4D9A-A99A-5D5C730C190D}"
EndProject
Project("{FAE04EC0-301F-11D3-BF4B-00C04F79EFBC}") = "GestMantIA.IntegrationTests", "tests\GestMantIA.IntegrationTests\GestMantIA.IntegrationTests.csproj", "{A375868F-B761-4FE6-A1A5-089C38F1C8D8}"
EndProject
Project("{FAE04EC0-301F-11D3-BF4B-00C04F79EFBC}") = "GestMantIA.Shared", "src\GestMantIA.Shared\GestMantIA.Shared.csproj", "{71A70BCA-A3F8-4F09-8099-46B4BA4A02F9}"
EndProject
Global
	GlobalSection(SolutionConfigurationPlatforms) = preSolution
		Debug|Any CPU = Debug|Any CPU
		Debug|x64 = Debug|x64
		Debug|x86 = Debug|x86
		Release|Any CPU = Release|Any CPU
		Release|x64 = Release|x64
		Release|x86 = Release|x86
	EndGlobalSection
	GlobalSection(ProjectConfigurationPlatforms) = postSolution
		{E5B29960-368B-4FC1-9AA2-1C990F3A6346}.Debug|Any CPU.ActiveCfg = Debug|Any CPU
		{E5B29960-368B-4FC1-9AA2-1C990F3A6346}.Debug|Any CPU.Build.0 = Debug|Any CPU
		{E5B29960-368B-4FC1-9AA2-1C990F3A6346}.Debug|x64.ActiveCfg = Debug|Any CPU
		{E5B29960-368B-4FC1-9AA2-1C990F3A6346}.Debug|x64.Build.0 = Debug|Any CPU
		{E5B29960-368B-4FC1-9AA2-1C990F3A6346}.Debug|x86.ActiveCfg = Debug|Any CPU
		{E5B29960-368B-4FC1-9AA2-1C990F3A6346}.Debug|x86.Build.0 = Debug|Any CPU
		{E5B29960-368B-4FC1-9AA2-1C990F3A6346}.Release|Any CPU.ActiveCfg = Release|Any CPU
		{E5B29960-368B-4FC1-9AA2-1C990F3A6346}.Release|Any CPU.Build.0 = Release|Any CPU
		{E5B29960-368B-4FC1-9AA2-1C990F3A6346}.Release|x64.ActiveCfg = Release|Any CPU
		{E5B29960-368B-4FC1-9AA2-1C990F3A6346}.Release|x64.Build.0 = Release|Any CPU
		{E5B29960-368B-4FC1-9AA2-1C990F3A6346}.Release|x86.ActiveCfg = Release|Any CPU
		{E5B29960-368B-4FC1-9AA2-1C990F3A6346}.Release|x86.Build.0 = Release|Any CPU
		{17D1B4F8-F096-43F0-A03F-5887567B5EAC}.Debug|Any CPU.ActiveCfg = Debug|Any CPU
		{17D1B4F8-F096-43F0-A03F-5887567B5EAC}.Debug|Any CPU.Build.0 = Debug|Any CPU
		{17D1B4F8-F096-43F0-A03F-5887567B5EAC}.Debug|x64.ActiveCfg = Debug|Any CPU
		{17D1B4F8-F096-43F0-A03F-5887567B5EAC}.Debug|x64.Build.0 = Debug|Any CPU
		{17D1B4F8-F096-43F0-A03F-5887567B5EAC}.Debug|x86.ActiveCfg = Debug|Any CPU
		{17D1B4F8-F096-43F0-A03F-5887567B5EAC}.Debug|x86.Build.0 = Debug|Any CPU
		{17D1B4F8-F096-43F0-A03F-5887567B5EAC}.Release|Any CPU.ActiveCfg = Release|Any CPU
		{17D1B4F8-F096-43F0-A03F-5887567B5EAC}.Release|Any CPU.Build.0 = Release|Any CPU
		{17D1B4F8-F096-43F0-A03F-5887567B5EAC}.Release|x64.ActiveCfg = Release|Any CPU
		{17D1B4F8-F096-43F0-A03F-5887567B5EAC}.Release|x64.Build.0 = Release|Any CPU
		{17D1B4F8-F096-43F0-A03F-5887567B5EAC}.Release|x86.ActiveCfg = Release|Any CPU
		{17D1B4F8-F096-43F0-A03F-5887567B5EAC}.Release|x86.Build.0 = Release|Any CPU
		{DEEE60C6-F936-4E77-9061-A61660451058}.Debug|Any CPU.ActiveCfg = Debug|Any CPU
		{DEEE60C6-F936-4E77-9061-A61660451058}.Debug|Any CPU.Build.0 = Debug|Any CPU
		{DEEE60C6-F936-4E77-9061-A61660451058}.Debug|x64.ActiveCfg = Debug|Any CPU
		{DEEE60C6-F936-4E77-9061-A61660451058}.Debug|x64.Build.0 = Debug|Any CPU
		{DEEE60C6-F936-4E77-9061-A61660451058}.Debug|x86.ActiveCfg = Debug|Any CPU
		{DEEE60C6-F936-4E77-9061-A61660451058}.Debug|x86.Build.0 = Debug|Any CPU
		{DEEE60C6-F936-4E77-9061-A61660451058}.Release|Any CPU.ActiveCfg = Release|Any CPU
		{DEEE60C6-F936-4E77-9061-A61660451058}.Release|Any CPU.Build.0 = Release|Any CPU
		{DEEE60C6-F936-4E77-9061-A61660451058}.Release|x64.ActiveCfg = Release|Any CPU
		{DEEE60C6-F936-4E77-9061-A61660451058}.Release|x64.Build.0 = Release|Any CPU
		{DEEE60C6-F936-4E77-9061-A61660451058}.Release|x86.ActiveCfg = Release|Any CPU
		{DEEE60C6-F936-4E77-9061-A61660451058}.Release|x86.Build.0 = Release|Any CPU
		{1319BEAF-E941-42C2-8DDE-9DBC69D21EA4}.Debug|Any CPU.ActiveCfg = Debug|Any CPU
		{1319BEAF-E941-42C2-8DDE-9DBC69D21EA4}.Debug|Any CPU.Build.0 = Debug|Any CPU
		{1319BEAF-E941-42C2-8DDE-9DBC69D21EA4}.Debug|x64.ActiveCfg = Debug|Any CPU
		{1319BEAF-E941-42C2-8DDE-9DBC69D21EA4}.Debug|x64.Build.0 = Debug|Any CPU
		{1319BEAF-E941-42C2-8DDE-9DBC69D21EA4}.Debug|x86.ActiveCfg = Debug|Any CPU
		{1319BEAF-E941-42C2-8DDE-9DBC69D21EA4}.Debug|x86.Build.0 = Debug|Any CPU
		{1319BEAF-E941-42C2-8DDE-9DBC69D21EA4}.Release|Any CPU.ActiveCfg = Release|Any CPU
		{1319BEAF-E941-42C2-8DDE-9DBC69D21EA4}.Release|Any CPU.Build.0 = Release|Any CPU
		{1319BEAF-E941-42C2-8DDE-9DBC69D21EA4}.Release|x64.ActiveCfg = Release|Any CPU
		{1319BEAF-E941-42C2-8DDE-9DBC69D21EA4}.Release|x64.Build.0 = Release|Any CPU
		{1319BEAF-E941-42C2-8DDE-9DBC69D21EA4}.Release|x86.ActiveCfg = Release|Any CPU
		{1319BEAF-E941-42C2-8DDE-9DBC69D21EA4}.Release|x86.Build.0 = Release|Any CPU
		{DE9095DE-2D83-4D9A-A99A-5D5C730C190D}.Debug|Any CPU.ActiveCfg = Debug|Any CPU
		{DE9095DE-2D83-4D9A-A99A-5D5C730C190D}.Debug|Any CPU.Build.0 = Debug|Any CPU
		{DE9095DE-2D83-4D9A-A99A-5D5C730C190D}.Debug|x64.ActiveCfg = Debug|Any CPU
		{DE9095DE-2D83-4D9A-A99A-5D5C730C190D}.Debug|x64.Build.0 = Debug|Any CPU
		{DE9095DE-2D83-4D9A-A99A-5D5C730C190D}.Debug|x86.ActiveCfg = Debug|Any CPU
		{DE9095DE-2D83-4D9A-A99A-5D5C730C190D}.Debug|x86.Build.0 = Debug|Any CPU
		{DE9095DE-2D83-4D9A-A99A-5D5C730C190D}.Release|Any CPU.ActiveCfg = Release|Any CPU
		{DE9095DE-2D83-4D9A-A99A-5D5C730C190D}.Release|Any CPU.Build.0 = Release|Any CPU
		{DE9095DE-2D83-4D9A-A99A-5D5C730C190D}.Release|x64.ActiveCfg = Release|Any CPU
		{DE9095DE-2D83-4D9A-A99A-5D5C730C190D}.Release|x64.Build.0 = Release|Any CPU
		{DE9095DE-2D83-4D9A-A99A-5D5C730C190D}.Release|x86.ActiveCfg = Release|Any CPU
		{DE9095DE-2D83-4D9A-A99A-5D5C730C190D}.Release|x86.Build.0 = Release|Any CPU
		{A375868F-B761-4FE6-A1A5-089C38F1C8D8}.Debug|Any CPU.ActiveCfg = Debug|Any CPU
		{A375868F-B761-4FE6-A1A5-089C38F1C8D8}.Debug|Any CPU.Build.0 = Debug|Any CPU
		{A375868F-B761-4FE6-A1A5-089C38F1C8D8}.Debug|x64.ActiveCfg = Debug|Any CPU
		{A375868F-B761-4FE6-A1A5-089C38F1C8D8}.Debug|x64.Build.0 = Debug|Any CPU
		{A375868F-B761-4FE6-A1A5-089C38F1C8D8}.Debug|x86.ActiveCfg = Debug|Any CPU
		{A375868F-B761-4FE6-A1A5-089C38F1C8D8}.Debug|x86.Build.0 = Debug|Any CPU
		{A375868F-B761-4FE6-A1A5-089C38F1C8D8}.Release|Any CPU.ActiveCfg = Release|Any CPU
		{A375868F-B761-4FE6-A1A5-089C38F1C8D8}.Release|Any CPU.Build.0 = Release|Any CPU
		{A375868F-B761-4FE6-A1A5-089C38F1C8D8}.Release|x64.ActiveCfg = Release|Any CPU
		{A375868F-B761-4FE6-A1A5-089C38F1C8D8}.Release|x64.Build.0 = Release|Any CPU
		{A375868F-B761-4FE6-A1A5-089C38F1C8D8}.Release|x86.ActiveCfg = Release|Any CPU
		{A375868F-B761-4FE6-A1A5-089C38F1C8D8}.Release|x86.Build.0 = Release|Any CPU
		{71A70BCA-A3F8-4F09-8099-46B4BA4A02F9}.Debug|Any CPU.ActiveCfg = Debug|Any CPU
		{71A70BCA-A3F8-4F09-8099-46B4BA4A02F9}.Debug|Any CPU.Build.0 = Debug|Any CPU
		{71A70BCA-A3F8-4F09-8099-46B4BA4A02F9}.Debug|x64.ActiveCfg = Debug|Any CPU
		{71A70BCA-A3F8-4F09-8099-46B4BA4A02F9}.Debug|x64.Build.0 = Debug|Any CPU
		{71A70BCA-A3F8-4F09-8099-46B4BA4A02F9}.Debug|x86.ActiveCfg = Debug|Any CPU
		{71A70BCA-A3F8-4F09-8099-46B4BA4A02F9}.Debug|x86.Build.0 = Debug|Any CPU
		{71A70BCA-A3F8-4F09-8099-46B4BA4A02F9}.Release|Any CPU.ActiveCfg = Release|Any CPU
		{71A70BCA-A3F8-4F09-8099-46B4BA4A02F9}.Release|Any CPU.Build.0 = Release|Any CPU
		{71A70BCA-A3F8-4F09-8099-46B4BA4A02F9}.Release|x64.ActiveCfg = Release|Any CPU
		{71A70BCA-A3F8-4F09-8099-46B4BA4A02F9}.Release|x64.Build.0 = Release|Any CPU
		{71A70BCA-A3F8-4F09-8099-46B4BA4A02F9}.Release|x86.ActiveCfg = Release|Any CPU
		{71A70BCA-A3F8-4F09-8099-46B4BA4A02F9}.Release|x86.Build.0 = Release|Any CPU
	EndGlobalSection
	GlobalSection(SolutionProperties) = preSolution
		HideSolutionNode = FALSE
	EndGlobalSection
	GlobalSection(NestedProjects) = preSolution
		{E5B29960-368B-4FC1-9AA2-1C990F3A6346} = {827E0CD3-B72D-47B6-A68D-7590B98EB39B}
		{17D1B4F8-F096-43F0-A03F-5887567B5EAC} = {827E0CD3-B72D-47B6-A68D-7590B98EB39B}
		{DEEE60C6-F936-4E77-9061-A61660451058} = {827E0CD3-B72D-47B6-A68D-7590B98EB39B}
		{1319BEAF-E941-42C2-8DDE-9DBC69D21EA4} = {827E0CD3-B72D-47B6-A68D-7590B98EB39B}
		{DE9095DE-2D83-4D9A-A99A-5D5C730C190D} = {827E0CD3-B72D-47B6-A68D-7590B98EB39B}
		{A375868F-B761-4FE6-A1A5-089C38F1C8D8} = {827E0CD3-B72D-47B6-A68D-7590B98EB39B}
		{71A70BCA-A3F8-4F09-8099-46B4BA4A02F9} = {827E0CD3-B72D-47B6-A68D-7590B98EB39B}
	EndGlobalSection
EndGlobal
